
Microsoft Visual Studio Solution File, Format Version 12.00
# Visual Studio 15
VisualStudioVersion = 15.0.28010.2048
MinimumVisualStudioVersion = 10.0.40219.1
Project("{FAE04EC0-301F-11D3-BF4B-00C04F79EFBC}") = "Demo1", "Demo1\Demo1.csproj", "{FE094303-29B3-4FFB-98E8-E76D88E2B38E}"
EndProject
Global
	GlobalSection(SolutionConfigurationPlatforms) = preSolution
		Debug|Any CPU = Debug|Any CPU
		Release|Any CPU = Release|Any CPU
	EndGlobalSection
	GlobalSection(ProjectConfigurationPlatforms) = postSolution
		{FE094303-29B3-4FFB-98E8-E76D88E2B38E}.Debug|Any CPU.ActiveCfg = Debug|Any CPU
		{FE094303-29B3-4FFB-98E8-E76D88E2B38E}.Debug|Any CPU.Build.0 = Debug|Any CPU
		{FE094303-29B3-4FFB-98E8-E76D88E2B38E}.Release|Any CPU.ActiveCfg = Release|Any CPU
		{FE094303-29B3-4FFB-98E8-E76D88E2B38E}.Release|Any CPU.Build.0 = Release|Any CPU
	EndGlobalSection
	GlobalSection(SolutionProperties) = preSolution
		HideSolutionNode = FALSE
	EndGlobalSection
	GlobalSection(ExtensibilityGlobals) = postSolution
		SolutionGuid = {BC4571F9-10AB-49CF-893E-9B665C60E5A2}
	EndGlobalSection
EndGlobal
