
Microsoft Visual Studio Solution File, Format Version 12.00
# Visual Studio 15
VisualStudioVersion = 15.0.28010.2050
MinimumVisualStudioVersion = 10.0.40219.1
Project("{FAE04EC0-301F-11D3-BF4B-00C04F79EFBC}") = "Demo2", "Demo2\Demo2.csproj", "{6B47AB36-6208-4BAC-8CD1-314C1C9B5103}"
EndProject
Global
	GlobalSection(SolutionConfigurationPlatforms) = preSolution
		Debug|Any CPU = Debug|Any CPU
		Release|Any CPU = Release|Any CPU
	EndGlobalSection
	GlobalSection(ProjectConfigurationPlatforms) = postSolution
		{6B47AB36-6208-4BAC-8CD1-314C1C9B5103}.Debug|Any CPU.ActiveCfg = Debug|Any CPU
		{6B47AB36-6208-4BAC-8CD1-314C1C9B5103}.Debug|Any CPU.Build.0 = Debug|Any CPU
		{6B47AB36-6208-4BAC-8CD1-314C1C9B5103}.Release|Any CPU.ActiveCfg = Release|Any CPU
		{6B47AB36-6208-4BAC-8CD1-314C1C9B5103}.Release|Any CPU.Build.0 = Release|Any CPU
	EndGlobalSection
	GlobalSection(SolutionProperties) = preSolution
		HideSolutionNode = FALSE
	EndGlobalSection
	GlobalSection(ExtensibilityGlobals) = postSolution
		SolutionGuid = {315C4E96-7266-4066-A98F-62E2A34D1DB2}
	EndGlobalSection
EndGlobal
